PODS:
  - Alamofire (4.7.0)
  - Moya (11.0.1):
    - Moya/Core (= 11.0.1)
  - Moya/Core (11.0.1):
    - Alamofire (~> 4.1)
    - Result (~> 3.0)
  - MoyaPromise (0.0.1):
    - Alamofire (~> 4.7.0)
    - Moya (~> 11.0.1)
    - PromiseKit (~> 6.2.1)
    - PromiseKit/Alamofire (~> 6.0)
  - PromiseKit (6.2.1):
    - PromiseKit/CorePromise (= 6.2.1)
    - PromiseKit/Foundation (= 6.2.1)
    - PromiseKit/UIKit (= 6.2.1)
  - PromiseKit/Alamofire (6.2.1):
    - Alamofire (~> 4.0)
    - PromiseKit/CorePromise
  - PromiseKit/CorePromise (6.2.1)
  - PromiseKit/Foundation (6.2.1):
    - PromiseKit/CorePromise
  - PromiseKit/UIKit (6.2.1):
    - PromiseKit/CorePromise
  - Result (3.2.4)

DEPENDENCIES:
  - MoyaPromise

SPEC CHECKSUMS:
  Alamofire: 907e0a98eb68cdb7f9d1f541a563d6ac5dc77b25
  Moya: 3d594ada51a21cc02b18739ab578a1984f900c8a
  MoyaPromise: 7bbc9da792235e816bdbecd9ee70798c3f660389
  PromiseKit: edaca6f0a7ed73b08c287600537d13867a7fabc7
  Result: d2d07204ce72856f1fd9130bbe42c35a7b0fea10

PODFILE CHECKSUM: e7070c7b5c847bcb4f6ab9d98ee5059b2c3c257b

COCOAPODS: 1.4.0
